
Microsoft Visual Studio Solution File, Format Version 12.00
# Visual Studio Version 16
VisualStudioVersion = 16.0.30114.105
MinimumVisualStudioVersion = 10.0.40219.1
Project("{FAE04EC0-301F-11D3-BF4B-00C04F79EFBC}") = "SuperStore.Shared", "src\SuperStore.Shared\SuperStore.Shared.csproj", "{524DAE6E-23E1-4AF2-9778-3F2F0D022CB5}"
EndProject
Project("{FAE04EC0-301F-11D3-BF4B-00C04F79EFBC}") = "SuperStore.Funds", "src\SuperStore.Funds\SuperStore.Funds.csproj", "{E94BDC51-4464-4243-A941-B9733EA3BFA6}"
EndProject
Project("{FAE04EC0-301F-11D3-BF4B-00C04F79EFBC}") = "SuperStore.Carts", "src\SuperStore.Carts\SuperStore.Carts.csproj", "{ED7B6B63-54EF-42DD-A324-687B6D2396C1}"
EndProject
Global
	GlobalSection(SolutionConfigurationPlatforms) = preSolution
		Debug|Any CPU = Debug|Any CPU
		Release|Any CPU = Release|Any CPU
	EndGlobalSection
	GlobalSection(SolutionProperties) = preSolution
		HideSolutionNode = FALSE
	EndGlobalSection
	GlobalSection(ProjectConfigurationPlatforms) = postSolution
		{524DAE6E-23E1-4AF2-9778-3F2F0D022CB5}.Debug|Any CPU.ActiveCfg = Debug|Any CPU
		{524DAE6E-23E1-4AF2-9778-3F2F0D022CB5}.Debug|Any CPU.Build.0 = Debug|Any CPU
		{524DAE6E-23E1-4AF2-9778-3F2F0D022CB5}.Release|Any CPU.ActiveCfg = Release|Any CPU
		{524DAE6E-23E1-4AF2-9778-3F2F0D022CB5}.Release|Any CPU.Build.0 = Release|Any CPU
		{E94BDC51-4464-4243-A941-B9733EA3BFA6}.Debug|Any CPU.ActiveCfg = Debug|Any CPU
		{E94BDC51-4464-4243-A941-B9733EA3BFA6}.Debug|Any CPU.Build.0 = Debug|Any CPU
		{E94BDC51-4464-4243-A941-B9733EA3BFA6}.Release|Any CPU.ActiveCfg = Release|Any CPU
		{E94BDC51-4464-4243-A941-B9733EA3BFA6}.Release|Any CPU.Build.0 = Release|Any CPU
		{ED7B6B63-54EF-42DD-A324-687B6D2396C1}.Debug|Any CPU.ActiveCfg = Debug|Any CPU
		{ED7B6B63-54EF-42DD-A324-687B6D2396C1}.Debug|Any CPU.Build.0 = Debug|Any CPU
		{ED7B6B63-54EF-42DD-A324-687B6D2396C1}.Release|Any CPU.ActiveCfg = Release|Any CPU
		{ED7B6B63-54EF-42DD-A324-687B6D2396C1}.Release|Any CPU.Build.0 = Release|Any CPU
	EndGlobalSection
EndGlobal
